<?xml version="1.0" encoding="UTF-8" standalone="yes" ?>
<CodeBlocks_project_file>
	<FileVersion major="1" minor="6" />
	<Project>
		<Option title="VirtInt4" />
		<Option pch_mode="2" />
		<Option compiler="gcc" />
		<Build>
			<Target title="Debug">
				<Option output="bin/Debug/VirtInt4" prefix_auto="1" extension_auto="1" />
				<Option object_output="obj/Debug/" />
				<Option type="1" />
				<Option compiler="gcc" />
				<Compiler>
					<Add option="-Wextra" />
					<Add option="-g" />
				</Compiler>
			</Target>
			<Target title="Release">
				<Option output="bin/Release/VirtInt4" prefix_auto="1" extension_auto="1" />
				<Option object_output="obj/Release/" />
				<Option type="1" />
				<Option compiler="gcc" />
				<Compiler>
					<Add option="-O2" />
				</Compiler>
				<Linker>
					<Add option="-s" />
				</Linker>
			</Target>
		</Build>
		<Compiler>
			<Add option="-Wall" />
			<Add option="-fexceptions" />
			<Add directory="C:/Users/Sebastien/Projets/EEG/test1/VirtInt4/include" />
		</Compiler>
		<Unit filename="Cell/CellClass.cpp" />
		<Unit filename="Cell/Module.cpp" />
		<Unit filename="Decriptor/CompareDecriptor.cpp" />
		<Unit filename="Decriptor/Decriptor.cpp" />
		<Unit filename="Decriptor/DecriptorValue.cpp" />
		<Unit filename="Decriptor/SetDrecriptor.cpp" />
		<Unit filename="Decriptor/UseDecriptor.cpp" />
		<Unit filename="Genetic/CrossNode.cpp" />
		<Unit filename="Genetic/Generate.cpp" />
		<Unit filename="Genetic/GenticalNode.cpp" />
		<Unit filename="Genetic/MutationNode.cpp" />
		<Unit filename="GenticAlgo/GeneticAlgo.cpp" />
		<Unit filename="GenticAlgo/GeneticSelection.cpp" />
		<Unit filename="GenticAlgo/GeneticalIndividu.cpp" />
		<Unit filename="VirtualMachine/ChannelList.cpp" />
		<Unit filename="VirtualMachine/VirtualMachine.cpp" />
		<Unit filename="include/Cell/CellClass.hpp" />
		<Unit filename="include/Cell/Module.hpp" />
		<Unit filename="include/Cell/link.hpp" />
		<Unit filename="include/Decriptor/CompareDecriptor.hpp" />
		<Unit filename="include/Decriptor/Decriptor.hpp" />
		<Unit filename="include/Decriptor/LineDrecript.hpp" />
		<Unit filename="include/Decriptor/LinkDecriptor.hpp" />
		<Unit filename="include/Decriptor/SetDecriptor.hpp" />
		<Unit filename="include/Decriptor/UseDecriptor.hpp" />
		<Unit filename="include/GeneticalAlgo.hpp" />
		<Unit filename="include/GeneticalIndividual.hpp" />
		<Unit filename="include/GeneticalNode.hpp">
			<Option target="&lt;{~None~}&gt;" />
		</Unit>
		<Unit filename="include/VirtualMachine/ChannelClass.hpp" />
		<Unit filename="include/VirtualMachine/VirtualMachine.hpp" />
		<Unit filename="main.cpp" />
		<Extensions>
			<code_completion />
			<envvars />
			<debugger />
			<lib_finder disable_auto="1" />
		</Extensions>
	</Project>
</CodeBlocks_project_file>
